// !$*UTF8*$!
{
	archiveVersion = 1;
	classes = {
	};
	objectVersion = 46;
	objects = {

/* Begin PBXBuildFile section */
		6C4630EC1B1CA1AC00281438 /* 人类.jpg in Resources */ = {isa = PBXBuildFile; fileRef = 6C4630DD1B1CA1AC00281438 /* 人类.jpg */; };
		6C4630ED1B1CA1AC00281438 /* 人类@2x.jpg in Resources */ = {isa = PBXBuildFile; fileRef = 6C4630DE1B1CA1AC00281438 /* 人类@2x.jpg */; };
		6C4630EE1B1CA1AC00281438 /* 人类@3x.jpg in Resources */ = {isa = PBXBuildFile; fileRef = 6C4630DF1B1CA1AC00281438 /* 人类@3x.jpg */; };
		6C4630EF1B1CA1AC00281438 /* 动物.jpg in Resources */ = {isa = PBXBuildFile; fileRef = 6C4630E01B1CA1AC00281438 /* 动物.jpg */; };
		6C4630F01B1CA1AC00281438 /* 动物@2x.jpg in Resources */ = {isa = PBXBuildFile; fileRef = 6C4630E11B1CA1AC00281438 /* 动物@2x.jpg */; };
		6C4630F11B1CA1AC00281438 /* 动物@3x.jpg in Resources */ = {isa = PBXBuildFile; fileRef = 6C4630E21B1CA1AC00281438 /* 动物@3x.jpg */; };
		6C4630F21B1CA1AC00281438 /* 地理.jpg in Resources */ = {isa = PBXBuildFile; fileRef = 6C4630E31B1CA1AC00281438 /* 地理.jpg */; };
		6C4630F31B1CA1AC00281438 /* 地理@2x.jpg in Resources */ = {isa = PBXBuildFile; fileRef = 6C4630E41B1CA1AC00281438 /* 地理@2x.jpg */; };
		6C4630F41B1CA1AC00281438 /* 地理@3x.jpg in Resources */ = {isa = PBXBuildFile; fileRef = 6C4630E51B1CA1AC00281438 /* 地理@3x.jpg */; };
		6C4630F51B1CA1AC00281438 /* 宇宙.jpg in Resources */ = {isa = PBXBuildFile; fileRef = 6C4630E61B1CA1AC00281438 /* 宇宙.jpg */; };
		6C4630F61B1CA1AC00281438 /* 宇宙@2x.jpg in Resources */ = {isa = PBXBuildFile; fileRef = 6C4630E71B1CA1AC00281438 /* 宇宙@2x.jpg */; };
		6C4630F71B1CA1AC00281438 /* 宇宙@3x.jpg in Resources */ = {isa = PBXBuildFile; fileRef = 6C4630E81B1CA1AC00281438 /* 宇宙@3x.jpg */; };
		6C4630F81B1CA1AC00281438 /* 植物.jpg in Resources */ = {isa = PBXBuildFile; fileRef = 6C4630E91B1CA1AC00281438 /* 植物.jpg */; };
		6C4630F91B1CA1AC00281438 /* 植物@2x.jpg in Resources */ = {isa = PBXBuildFile; fileRef = 6C4630EA1B1CA1AC00281438 /* 植物@2x.jpg */; };
		6C4630FA1B1CA1AC00281438 /* 植物@3x.jpg in Resources */ = {isa = PBXBuildFile; fileRef = 6C4630EB1B1CA1AC00281438 /* 植物@3x.jpg */; };
		7B18B51F9DF07DCE41A3D4EE /* libPods.a in Frameworks */ = {isa = PBXBuildFile; fileRef = 6AA3434E62B9B29B70A4BE6F /* libPods.a */; };
		FF2E5D5B1B1C296B0000EF72 /* InfoModel.m in Sources */ = {isa = PBXBuildFile; fileRef = FF2E5D5A1B1C296B0000EF72 /* InfoModel.m */; };
		FF2E5D5D1B1C50560000EF72 /* ListTableController.swift in Sources */ = {isa = PBXBuildFile; fileRef = FF2E5D5C1B1C50560000EF72 /* ListTableController.swift */; };
		FF2E5D5F1B1C50660000EF72 /* SetTableController.swift in Sources */ = {isa = PBXBuildFile; fileRef = FF2E5D5E1B1C50660000EF72 /* SetTableController.swift */; };
		FF2E5D611B1C50990000EF72 /* DetaileViewController.swift in Sources */ = {isa = PBXBuildFile; fileRef = FF2E5D601B1C50990000EF72 /* DetaileViewController.swift */; };
		FF7ED0881B1C02BF009B861E /* Service.m in Sources */ = {isa = PBXBuildFile; fileRef = FF7ED0871B1C02BF009B861E /* Service.m */; };
		FF7ED08B1B1C1D18009B861E /* Model.m in Sources */ = {isa = PBXBuildFile; fileRef = FF7ED08A1B1C1D18009B861E /* Model.m */; };
		FFAD4E081B1BE3C100E3D08A /* AppDelegate.swift in Sources */ = {isa = PBXBuildFile; fileRef = FFAD4E071B1BE3C100E3D08A /* AppDelegate.swift */; };
		FFAD4E0A1B1BE3C100E3D08A /* ViewController.swift in Sources */ = {isa = PBXBuildFile; fileRef = FFAD4E091B1BE3C100E3D08A /* ViewController.swift */; };
		FFAD4E0D1B1BE3C100E3D08A /* Main.storyboard in Resources */ = {isa = PBXBuildFile; fileRef = FFAD4E0B1B1BE3C100E3D08A /* Main.storyboard */; };
		FFAD4E0F1B1BE3C100E3D08A /* Images.xcassets in Resources */ = {isa = PBXBuildFile; fileRef = FFAD4E0E1B1BE3C100E3D08A /* Images.xcassets */; };
		FFAD4E121B1BE3C100E3D08A /* LaunchScreen.xib in Resources */ = {isa = PBXBuildFile; fileRef = FFAD4E101B1BE3C100E3D08A /* LaunchScreen.xib */; };
		FFAD4E1E1B1BE3C100E3D08A /* QMMysteryTests.swift in Sources */ = {isa = PBXBuildFile; fileRef = FFAD4E1D1B1BE3C100E3D08A /* QMMysteryTests.swift */; };
/* End PBXBuildFile section */

/* Begin PBXContainerItemProxy section */
		FFAD4E181B1BE3C100E3D08A /* PBXContainerItemProxy */ = {
			isa = PBXContainerItemProxy;
			containerPortal = FFAD4DFA1B1BE3C100E3D08A /* Project object */;
			proxyType = 1;
			remoteGlobalIDString = FFAD4E011B1BE3C100E3D08A;
			remoteInfo = QMMystery;
		};
/* End PBXContainerItemProxy section */

/* Begin PBXFileReference section */
		6AA3434E62B9B29B70A4BE6F /* libPods.a */ = {isa = PBXFileReference; explicitFileType = archive.ar; includeInIndex = 0; path = libPods.a; sourceTree = BUILT_PRODUCTS_DIR; };
		6BD40305C205C074806B0E6C /* Pods.release.xcconfig */ = {isa = PBXFileReference; includeInIndex = 1; lastKnownFileType = text.xcconfig; name = Pods.release.xcconfig; path = "Pods/Target Support Files/Pods/Pods.release.xcconfig"; sourceTree = "<group>"; };
		6C4630DD1B1CA1AC00281438 /* 人类.jpg */ = {isa = PBXFileReference; lastKnownFileType = image.jpeg; path = "人类.jpg"; sourceTree = "<group>"; };
		6C4630DE1B1CA1AC00281438 /* 人类@2x.jpg */ = {isa = PBXFileReference; lastKnownFileType = image.jpeg; path = "人类@2x.jpg"; sourceTree = "<group>"; };
		6C4630DF1B1CA1AC00281438 /* 人类@3x.jpg */ = {isa = PBXFileReference; lastKnownFileType = image.jpeg; path = "人类@3x.jpg"; sourceTree = "<group>"; };
		6C4630E01B1CA1AC00281438 /* 动物.jpg */ = {isa = PBXFileReference; lastKnownFileType = image.jpeg; path = "动物.jpg"; sourceTree = "<group>"; };
		6C4630E11B1CA1AC00281438 /* 动物@2x.jpg */ = {isa = PBXFileReference; lastKnownFileType = image.jpeg; path = "动物@2x.jpg"; sourceTree = "<group>"; };
		6C4630E21B1CA1AC00281438 /* 动物@3x.jpg */ = {isa = PBXFileReference; lastKnownFileType = image.jpeg; path = "动物@3x.jpg"; sourceTree = "<group>"; };
		6C4630E31B1CA1AC00281438 /* 地理.jpg */ = {isa = PBXFileReference; lastKnownFileType = image.jpeg; path = "地理.jpg"; sourceTree = "<group>"; };
		6C4630E41B1CA1AC00281438 /* 地理@2x.jpg */ = {isa = PBXFileReference; lastKnownFileType = image.jpeg; path = "地理@2x.jpg"; sourceTree = "<group>"; };
		6C4630E51B1CA1AC00281438 /* 地理@3x.jpg */ = {isa = PBXFileReference; lastKnownFileType = image.jpeg; path = "地理@3x.jpg"; sourceTree = "<group>"; };
		6C4630E61B1CA1AC00281438 /* 宇宙.jpg */ = {isa = PBXFileReference; lastKnownFileType = image.jpeg; path = "宇宙.jpg"; sourceTree = "<group>"; };
		6C4630E71B1CA1AC00281438 /* 宇宙@2x.jpg */ = {isa = PBXFileReference; lastKnownFileType = image.jpeg; path = "宇宙@2x.jpg"; sourceTree = "<group>"; };
		6C4630E81B1CA1AC00281438 /* 宇宙@3x.jpg */ = {isa = PBXFileReference; lastKnownFileType = image.jpeg; path = "宇宙@3x.jpg"; sourceTree = "<group>"; };
		6C4630E91B1CA1AC00281438 /* 植物.jpg */ = {isa = PBXFileReference; lastKnownFileType = image.jpeg; path = "植物.jpg"; sourceTree = "<group>"; };
		6C4630EA1B1CA1AC00281438 /* 植物@2x.jpg */ = {isa = PBXFileReference; lastKnownFileType = image.jpeg; path = "植物@2x.jpg"; sourceTree = "<group>"; };
		6C4630EB1B1CA1AC00281438 /* 植物@3x.jpg */ = {isa = PBXFileReference; lastKnownFileType = image.jpeg; path = "植物@3x.jpg"; sourceTree = "<group>"; };
		D67E889135E4FF3A4CD94EBC /* Pods.debug.xcconfig */ = {isa = PBXFileReference; includeInIndex = 1; lastKnownFileType = text.xcconfig; name = Pods.debug.xcconfig; path = "Pods/Target Support Files/Pods/Pods.debug.xcconfig"; sourceTree = "<group>"; };
		FF2E5D591B1C296B0000EF72 /* InfoModel.h */ = {isa = PBXFileReference; fileEncoding = 4; lastKnownFileType = sourcecode.c.h; path = InfoModel.h; sourceTree = "<group>"; };
		FF2E5D5A1B1C296B0000EF72 /* InfoModel.m */ = {isa = PBXFileReference; fileEncoding = 4; lastKnownFileType = sourcecode.c.objc; path = InfoModel.m; sourceTree = "<group>"; };
		FF2E5D5C1B1C50560000EF72 /* ListTableController.swift */ = {isa = PBXFileReference; fileEncoding = 4; lastKnownFileType = sourcecode.swift; path = ListTableController.swift; sourceTree = "<group>"; };
		FF2E5D5E1B1C50660000EF72 /* SetTableController.swift */ = {isa = PBXFileReference; fileEncoding = 4; lastKnownFileType = sourcecode.swift; path = SetTableController.swift; sourceTree = "<group>"; };
		FF2E5D601B1C50990000EF72 /* DetaileViewController.swift */ = {isa = PBXFileReference; fileEncoding = 4; lastKnownFileType = sourcecode.swift; path = DetaileViewController.swift; sourceTree = "<group>"; };
		FF7ED0851B1C02BF009B861E /* QMMystery-Bridging-Header.h */ = {isa = PBXFileReference; lastKnownFileType = sourcecode.c.h; path = "QMMystery-Bridging-Header.h"; sourceTree = "<group>"; };
		FF7ED0861B1C02BF009B861E /* Service.h */ = {isa = PBXFileReference; fileEncoding = 4; lastKnownFileType = sourcecode.c.h; path = Service.h; sourceTree = "<group>"; };
		FF7ED0871B1C02BF009B861E /* Service.m */ = {isa = PBXFileReference; fileEncoding = 4; lastKnownFileType = sourcecode.c.objc; path = Service.m; sourceTree = "<group>"; };
		FF7ED0891B1C1D18009B861E /* Model.h */ = {isa = PBXFileReference; fileEncoding = 4; lastKnownFileType = sourcecode.c.h; path = Model.h; sourceTree = "<group>"; };
		FF7ED08A1B1C1D18009B861E /* Model.m */ = {isa = PBXFileReference; fileEncoding = 4; lastKnownFileType = sourcecode.c.objc; path = Model.m; sourceTree = "<group>"; };
		FFAD4E021B1BE3C100E3D08A /* QMMystery.app */ = {isa = PBXFileReference; explicitFileType = wrapper.application; includeInIndex = 0; path = QMMystery.app; sourceTree = BUILT_PRODUCTS_DIR; };
		FFAD4E061B1BE3C100E3D08A /* Info.plist */ = {isa = PBXFileReference; lastKnownFileType = text.plist.xml; path = Info.plist; sourceTree = "<group>"; };
		FFAD4E071B1BE3C100E3D08A /* AppDelegate.swift */ = {isa = PBXFileReference; lastKnownFileType = sourcecode.swift; path = AppDelegate.swift; sourceTree = "<group>"; };
		FFAD4E091B1BE3C100E3D08A /* ViewController.swift */ = {isa = PBXFileReference; lastKnownFileType = sourcecode.swift; path = ViewController.swift; sourceTree = "<group>"; };
		FFAD4E0C1B1BE3C100E3D08A /* Base */ = {isa = PBXFileReference; lastKnownFileType = file.storyboard; name = Base; path = Base.lproj/Main.storyboard; sourceTree = "<group>"; };
		FFAD4E0E1B1BE3C100E3D08A /* Images.xcassets */ = {isa = PBXFileReference; lastKnownFileType = folder.assetcatalog; path = Images.xcassets; sourceTree = "<group>"; };
		FFAD4E111B1BE3C100E3D08A /* Base */ = {isa = PBXFileReference; lastKnownFileType = file.xib; name = Base; path = Base.lproj/LaunchScreen.xib; sourceTree = "<group>"; };
		FFAD4E171B1BE3C100E3D08A /* QMMysteryTests.xctest */ = {isa = PBXFileReference; explicitFileType = wrapper.cfbundle; includeInIndex = 0; path = QMMysteryTests.xctest; sourceTree = BUILT_PRODUCTS_DIR; };
		FFAD4E1C1B1BE3C100E3D08A /* Info.plist */ = {isa = PBXFileReference; lastKnownFileType = text.plist.xml; path = Info.plist; sourceTree = "<group>"; };
		FFAD4E1D1B1BE3C100E3D08A /* QMMysteryTests.swift */ = {isa = PBXFileReference; lastKnownFileType = sourcecode.swift; path = QMMysteryTests.swift; sourceTree = "<group>"; };
/* End PBXFileReference section */

/* Begin PBXFrameworksBuildPhase section */
		FFAD4DFF1B1BE3C100E3D08A /* Frameworks */ = {
			isa = PBXFrameworksBuildPhase;
			buildActionMask = 2147483647;
			files = (
				7B18B51F9DF07DCE41A3D4EE /* libPods.a in Frameworks */,
			);
			runOnlyForDeploymentPostprocessing = 0;
		};
		FFAD4E141B1BE3C100E3D08A /* Frameworks */ = {
			isa = PBXFrameworksBuildPhase;
			buildActionMask = 2147483647;
			files = (
			);
			runOnlyForDeploymentPostprocessing = 0;
		};
/* End PBXFrameworksBuildPhase section */

/* Begin PBXGroup section */
		271AC3BA386671F3D6E01746 /* Pods */ = {
			isa = PBXGroup;
			children = (
				D67E889135E4FF3A4CD94EBC /* Pods.debug.xcconfig */,
				6BD40305C205C074806B0E6C /* Pods.release.xcconfig */,
			);
			name = Pods;
			sourceTree = "<group>";
		};
		6C4630DC1B1CA1AC00281438 /* Res */ = {
			isa = PBXGroup;
			children = (
				6C4630DD1B1CA1AC00281438 /* 人类.jpg */,
				6C4630DE1B1CA1AC00281438 /* 人类@2x.jpg */,
				6C4630DF1B1CA1AC00281438 /* 人类@3x.jpg */,
				6C4630E01B1CA1AC00281438 /* 动物.jpg */,
				6C4630E11B1CA1AC00281438 /* 动物@2x.jpg */,
				6C4630E21B1CA1AC00281438 /* 动物@3x.jpg */,
				6C4630E31B1CA1AC00281438 /* 地理.jpg */,
				6C4630E41B1CA1AC00281438 /* 地理@2x.jpg */,
				6C4630E51B1CA1AC00281438 /* 地理@3x.jpg */,
				6C4630E61B1CA1AC00281438 /* 宇宙.jpg */,
				6C4630E71B1CA1AC00281438 /* 宇宙@2x.jpg */,
				6C4630E81B1CA1AC00281438 /* 宇宙@3x.jpg */,
				6C4630E91B1CA1AC00281438 /* 植物.jpg */,
				6C4630EA1B1CA1AC00281438 /* 植物@2x.jpg */,
				6C4630EB1B1CA1AC00281438 /* 植物@3x.jpg */,
			);
			path = Res;
			sourceTree = SOURCE_ROOT;
		};
		E0464E493F578274D2C1C2BE /* Frameworks */ = {
			isa = PBXGroup;
			children = (
				6AA3434E62B9B29B70A4BE6F /* libPods.a */,
			);
			name = Frameworks;
			sourceTree = "<group>";
		};
		FF7ED0841B1C02A2009B861E /* OCHelp */ = {
			isa = PBXGroup;
			children = (
				FF7ED0861B1C02BF009B861E /* Service.h */,
				FF7ED0871B1C02BF009B861E /* Service.m */,
				FF7ED0851B1C02BF009B861E /* QMMystery-Bridging-Header.h */,
				FF7ED0891B1C1D18009B861E /* Model.h */,
				FF7ED08A1B1C1D18009B861E /* Model.m */,
				FF2E5D591B1C296B0000EF72 /* InfoModel.h */,
				FF2E5D5A1B1C296B0000EF72 /* InfoModel.m */,
			);
			name = OCHelp;
			sourceTree = "<group>";
		};
		FFAD4DF91B1BE3C100E3D08A = {
			isa = PBXGroup;
			children = (
				FFAD4E041B1BE3C100E3D08A /* QMMystery */,
				FFAD4E1A1B1BE3C100E3D08A /* QMMysteryTests */,
				FFAD4E031B1BE3C100E3D08A /* Products */,
				271AC3BA386671F3D6E01746 /* Pods */,
				E0464E493F578274D2C1C2BE /* Frameworks */,
			);
			sourceTree = "<group>";
		};
		FFAD4E031B1BE3C100E3D08A /* Products */ = {
			isa = PBXGroup;
			children = (
				FFAD4E021B1BE3C100E3D08A /* QMMystery.app */,
				FFAD4E171B1BE3C100E3D08A /* QMMysteryTests.xctest */,
			);
			name = Products;
			sourceTree = "<group>";
		};
		FFAD4E041B1BE3C100E3D08A /* QMMystery */ = {
			isa = PBXGroup;
			children = (
				FFAD4E071B1BE3C100E3D08A /* AppDelegate.swift */,
				FFAD4E091B1BE3C100E3D08A /* ViewController.swift */,
				FF2E5D5C1B1C50560000EF72 /* ListTableController.swift */,
				FF2E5D601B1C50990000EF72 /* DetaileViewController.swift */,
				FF2E5D5E1B1C50660000EF72 /* SetTableController.swift */,
				6C4630DC1B1CA1AC00281438 /* Res */,
				FF7ED0841B1C02A2009B861E /* OCHelp */,
				FFAD4E0B1B1BE3C100E3D08A /* Main.storyboard */,
				FFAD4E0E1B1BE3C100E3D08A /* Images.xcassets */,
				FFAD4E101B1BE3C100E3D08A /* LaunchScreen.xib */,
				FFAD4E051B1BE3C100E3D08A /* Supporting Files */,
			);
			path = QMMystery;
			sourceTree = "<group>";
		};
		FFAD4E051B1BE3C100E3D08A /* Supporting Files */ = {
			isa = PBXGroup;
			children = (
				FFAD4E061B1BE3C100E3D08A /* Info.plist */,
			);
			name = "Supporting Files";
			sourceTree = "<group>";
		};
		FFAD4E1A1B1BE3C100E3D08A /* QMMysteryTests */ = {
			isa = PBXGroup;
			children = (
				FFAD4E1D1B1BE3C100E3D08A /* QMMysteryTests.swift */,
				FFAD4E1B1B1BE3C100E3D08A /* Supporting Files */,
			);
			path = QMMysteryTests;
			sourceTree = "<group>";
		};
		FFAD4E1B1B1BE3C100E3D08A /* Supporting Files */ = {
			isa = PBXGroup;
			children = (
				FFAD4E1C1B1BE3C100E3D08A /* Info.plist */,
			);
			name = "Supporting Files";
			sourceTree = "<group>";
		};
/* End PBXGroup section */

/* Begin PBXNativeTarget section */
		FFAD4E011B1BE3C100E3D08A /* QMMystery */ = {
			isa = PBXNativeTarget;
			buildConfigurationList = FFAD4E211B1BE3C100E3D08A /* Build configuration list for PBXNativeTarget "QMMystery" */;
			buildPhases = (
				6C9F8B82ED446790C39489C8 /* Check Pods Manifest.lock */,
				FFAD4DFE1B1BE3C100E3D08A /* Sources */,
				FFAD4DFF1B1BE3C100E3D08A /* Frameworks */,
				FFAD4E001B1BE3C100E3D08A /* Resources */,
				C20A4891E8475BE152F96757 /* Copy Pods Resources */,
			);
			buildRules = (
			);
			dependencies = (
			);
			name = QMMystery;
			productName = QMMystery;
			productReference = FFAD4E021B1BE3C100E3D08A /* QMMystery.app */;
			productType = "com.apple.product-type.application";
		};
		FFAD4E161B1BE3C100E3D08A /* QMMysteryTests */ = {
			isa = PBXNativeTarget;
			buildConfigurationList = FFAD4E241B1BE3C100E3D08A /* Build configuration list for PBXNativeTarget "QMMysteryTests" */;
			buildPhases = (
				FFAD4E131B1BE3C100E3D08A /* Sources */,
				FFAD4E141B1BE3C100E3D08A /* Frameworks */,
				FFAD4E151B1BE3C100E3D08A /* Resources */,
			);
			buildRules = (
			);
			dependencies = (
				FFAD4E191B1BE3C100E3D08A /* PBXTargetDependency */,
			);
			name = QMMysteryTests;
			productName = QMMysteryTests;
			productReference = FFAD4E171B1BE3C100E3D08A /* QMMysteryTests.xctest */;
			productType = "com.apple.product-type.bundle.unit-test";
		};
/* End PBXNativeTarget section */

/* Begin PBXProject section */
		FFAD4DFA1B1BE3C100E3D08A /* Project object */ = {
			isa = PBXProject;
			attributes = {
				LastUpgradeCheck = 0630;
				ORGANIZATIONNAME = QiMENG;
				TargetAttributes = {
					FFAD4E011B1BE3C100E3D08A = {
						CreatedOnToolsVersion = 6.3.1;
					};
					FFAD4E161B1BE3C100E3D08A = {
						CreatedOnToolsVersion = 6.3.1;
						TestTargetID = FFAD4E011B1BE3C100E3D08A;
					};
				};
			};
			buildConfigurationList = FFAD4DFD1B1BE3C100E3D08A /* Build configuration list for PBXProject "QMMystery" */;
			compatibilityVersion = "Xcode 3.2";
			developmentRegion = English;
			hasScannedForEncodings = 0;
			knownRegions = (
				en,
				Base,
			);
			mainGroup = FFAD4DF91B1BE3C100E3D08A;
			productRefGroup = FFAD4E031B1BE3C100E3D08A /* Products */;
			projectDirPath = "";
			projectRoot = "";
			targets = (
				FFAD4E011B1BE3C100E3D08A /* QMMystery */,
				FFAD4E161B1BE3C100E3D08A /* QMMysteryTests */,
			);
		};
/* End PBXProject section */

/* Begin PBXResourcesBuildPhase section */
		FFAD4E001B1BE3C100E3D08A /* Resources */ = {
			isa = PBXResourcesBuildPhase;
			buildActionMask = 2147483647;
			files = (
				6C4630F71B1CA1AC00281438 /* 宇宙@3x.jpg in Resources */,
				6C4630F61B1CA1AC00281438 /* 宇宙@2x.jpg in Resources */,
				6C4630F51B1CA1AC00281438 /* 宇宙.jpg in Resources */,
				6C4630F31B1CA1AC00281438 /* 地理@2x.jpg in Resources */,
				6C4630F11B1CA1AC00281438 /* 动物@3x.jpg in Resources */,
				6C4630EF1B1CA1AC00281438 /* 动物.jpg in Resources */,
				6C4630EE1B1CA1AC00281438 /* 人类@3x.jpg in Resources */,
				6C4630F91B1CA1AC00281438 /* 植物@2x.jpg in Resources */,
				FFAD4E0D1B1BE3C100E3D08A /* Main.storyboard in Resources */,
				6C4630F41B1CA1AC00281438 /* 地理@3x.jpg in Resources */,
				6C4630F01B1CA1AC00281438 /* 动物@2x.jpg in Resources */,
				6C4630F21B1CA1AC00281438 /* 地理.jpg in Resources */,
				6C4630F81B1CA1AC00281438 /* 植物.jpg in Resources */,
				6C4630FA1B1CA1AC00281438 /* 植物@3x.jpg in Resources */,
				6C4630ED1B1CA1AC00281438 /* 人类@2x.jpg in Resources */,
				FFAD4E121B1BE3C100E3D08A /* LaunchScreen.xib in Resources */,
				6C4630EC1B1CA1AC00281438 /* 人类.jpg in Resources */,
				FFAD4E0F1B1BE3C100E3D08A /* Images.xcassets in Resources */,
			);
			runOnlyForDeploymentPostprocessing = 0;
		};
		FFAD4E151B1BE3C100E3D08A /* Resources */ = {
			isa = PBXResourcesBuildPhase;
			buildActionMask = 2147483647;
			files = (
			);
			runOnlyForDeploymentPostprocessing = 0;
		};
/* End PBXResourcesBuildPhase section */

/* Begin PBXShellScriptBuildPhase section */
		6C9F8B82ED446790C39489C8 /* Check Pods Manifest.lock */ = {
			isa = PBXShellScriptBuildPhase;
			buildActionMask = 2147483647;
			files = (
			);
			inputPaths = (
			);
			name = "Check Pods Manifest.lock";
			outputPaths = (
			);
			runOnlyForDeploymentPostprocessing = 0;
			shellPath = /bin/sh;
			shellScript = "diff \"${PODS_ROOT}/../Podfile.lock\" \"${PODS_ROOT}/Manifest.lock\" > /dev/null\nif [[ $? != 0 ]] ; then\n    cat << EOM\nerror: The sandbox is not in sync with the Podfile.lock. Run 'pod install' or update your CocoaPods installation.\nEOM\n    exit 1\nfi\n";
			showEnvVarsInLog = 0;
		};
		C20A4891E8475BE152F96757 /* Copy Pods Resources */ = {
			isa = PBXShellScriptBuildPhase;
			buildActionMask = 2147483647;
			files = (
			);
			inputPaths = (
			);
			name = "Copy Pods Resources";
			outputPaths = (
			);
			runOnlyForDeploymentPostprocessing = 0;
			shellPath = /bin/sh;
			shellScript = "\"${SRCROOT}/Pods/Target Support Files/Pods/Pods-resources.sh\"\n";
			showEnvVarsInLog = 0;
		};
/* End PBXShellScriptBuildPhase section */

/* Begin PBXSourcesBuildPhase section */
		FFAD4DFE1B1BE3C100E3D08A /* Sources */ = {
			isa = PBXSourcesBuildPhase;
			buildActionMask = 2147483647;
			files = (
				FFAD4E0A1B1BE3C100E3D08A /* ViewController.swift in Sources */,
				FF2E5D5B1B1C296B0000EF72 /* InfoModel.m in Sources */,
				FF2E5D5D1B1C50560000EF72 /* ListTableController.swift in Sources */,
				FF2E5D5F1B1C50660000EF72 /* SetTableController.swift in Sources */,
				FFAD4E081B1BE3C100E3D08A /* AppDelegate.swift in Sources */,
				FF2E5D611B1C50990000EF72 /* DetaileViewController.swift in Sources */,
				FF7ED0881B1C02BF009B861E /* Service.m in Sources */,
				FF7ED08B1B1C1D18009B861E /* Model.m in Sources */,
			);
			runOnlyForDeploymentPostprocessing = 0;
		};
		FFAD4E131B1BE3C100E3D08A /* Sources */ = {
			isa = PBXSourcesBuildPhase;
			buildActionMask = 2147483647;
			files = (
				FFAD4E1E1B1BE3C100E3D08A /* QMMysteryTests.swift in Sources */,
			);
			runOnlyForDeploymentPostprocessing = 0;
		};
/* End PBXSourcesBuildPhase section */

/* Begin PBXTargetDependency section */
		FFAD4E191B1BE3C100E3D08A /* PBXTargetDependency */ = {
			isa = PBXTargetDependency;
			target = FFAD4E011B1BE3C100E3D08A /* QMMystery */;
			targetProxy = FFAD4E181B1BE3C100E3D08A /* PBXContainerItemProxy */;
		};
/* End PBXTargetDependency section */

/* Begin PBXVariantGroup section */
		FFAD4E0B1B1BE3C100E3D08A /* Main.storyboard */ = {
			isa = PBXVariantGroup;
			children = (
				FFAD4E0C1B1BE3C100E3D08A /* Base */,
			);
			name = Main.storyboard;
			sourceTree = "<group>";
		};
		FFAD4E101B1BE3C100E3D08A /* LaunchScreen.xib */ = {
			isa = PBXVariantGroup;
			children = (
				FFAD4E111B1BE3C100E3D08A /* Base */,
			);
			name = LaunchScreen.xib;
			sourceTree = "<group>";
		};
/* End PBXVariantGroup section */

/* Begin XCBuildConfiguration section */
		FFAD4E1F1B1BE3C100E3D08A /* Debug */ = {
			isa = XCBuildConfiguration;
			buildSettings = {
				ALWAYS_SEARCH_USER_PATHS = NO;
				CLANG_CXX_LANGUAGE_STANDARD = "gnu++0x";
				CLANG_CXX_LIBRARY = "libc++";
				CLANG_ENABLE_MODULES = YES;
				CLANG_ENABLE_OBJC_ARC = YES;
				CLANG_WARN_BOOL_CONVERSION = YES;
				CLANG_WARN_CONSTANT_CONVERSION = YES;
				CLANG_WARN_DIRECT_OBJC_ISA_USAGE = YES_ERROR;
				CLANG_WARN_EMPTY_BODY = YES;
				CLANG_WARN_ENUM_CONVERSION = YES;
				CLANG_WARN_INT_CONVERSION = YES;
				CLANG_WARN_OBJC_ROOT_CLASS = YES_ERROR;
				CLANG_WARN_UNREACHABLE_CODE = YES;
				CLANG_WARN__DUPLICATE_METHOD_MATCH = YES;
				"CODE_SIGN_IDENTITY[sdk=iphoneos*]" = "iPhone Developer";
				COPY_PHASE_STRIP = NO;
				DEBUG_INFORMATION_FORMAT = "dwarf-with-dsym";
				ENABLE_STRICT_OBJC_MSGSEND = YES;
				GCC_C_LANGUAGE_STANDARD = gnu99;
				GCC_DYNAMIC_NO_PIC = NO;
				GCC_NO_COMMON_BLOCKS = YES;
				GCC_OPTIMIZATION_LEVEL = 0;
				GCC_PREPROCESSOR_DEFINITIONS = (
					"DEBUG=1",
					"$(inherited)",
				);
				GCC_SYMBOLS_PRIVATE_EXTERN = NO;
				GCC_WARN_64_TO_32_BIT_CONVERSION = YES;
				GCC_WARN_ABOUT_RETURN_TYPE = YES_ERROR;
				GCC_WARN_UNDECLARED_SELECTOR = YES;
				GCC_WARN_UNINITIALIZED_AUTOS = YES_AGGRESSIVE;
				GCC_WARN_UNUSED_FUNCTION = YES;
				GCC_WARN_UNUSED_VARIABLE = YES;
				IPHONEOS_DEPLOYMENT_TARGET = 8.3;
				MTL_ENABLE_DEBUG_INFO = YES;
				ONLY_ACTIVE_ARCH = YES;
				SDKROOT = iphoneos;
				SWIFT_OPTIMIZATION_LEVEL = "-Onone";
				TARGETED_DEVICE_FAMILY = "1,2";
			};
			name = Debug;
		};
		FFAD4E201B1BE3C100E3D08A /* Release */ = {
			isa = XCBuildConfiguration;
			buildSettings = {
				ALWAYS_SEARCH_USER_PATHS = NO;
				CLANG_CXX_LANGUAGE_STANDARD = "gnu++0x";
				CLANG_CXX_LIBRARY = "libc++";
				CLANG_ENABLE_MODULES = YES;
				CLANG_ENABLE_OBJC_ARC = YES;
				CLANG_WARN_BOOL_CONVERSION = YES;
				CLANG_WARN_CONSTANT_CONVERSION = YES;
				CLANG_WARN_DIRECT_OBJC_ISA_USAGE = YES_ERROR;
				CLANG_WARN_EMPTY_BODY = YES;
				CLANG_WARN_ENUM_CONVERSION = YES;
				CLANG_WARN_INT_CONVERSION = YES;
				CLANG_WARN_OBJC_ROOT_CLASS = YES_ERROR;
				CLANG_WARN_UNREACHABLE_CODE = YES;
				CLANG_WARN__DUPLICATE_METHOD_MATCH = YES;
				"CODE_SIGN_IDENTITY[sdk=iphoneos*]" = "iPhone Developer";
				COPY_PHASE_STRIP = NO;
				DEBUG_INFORMATION_FORMAT = "dwarf-with-dsym";
				ENABLE_NS_ASSERTIONS = NO;
				ENABLE_STRICT_OBJC_MSGSEND = YES;
				GCC_C_LANGUAGE_STANDARD = gnu99;
				GCC_NO_COMMON_BLOCKS = YES;
				GCC_WARN_64_TO_32_BIT_CONVERSION = YES;
				GCC_WARN_ABOUT_RETURN_TYPE = YES_ERROR;
				GCC_WARN_UNDECLARED_SELECTOR = YES;
				GCC_WARN_UNINITIALIZED_AUTOS = YES_AGGRESSIVE;
				GCC_WARN_UNUSED_FUNCTION = YES;
				GCC_WARN_UNUSED_VARIABLE = YES;
				IPHONEOS_DEPLOYMENT_TARGET = 8.3;
				MTL_ENABLE_DEBUG_INFO = NO;
				SDKROOT = iphoneos;
				TARGETED_DEVICE_FAMILY = "1,2";
				VALIDATE_PRODUCT = YES;
			};
			name = Release;
		};
		FFAD4E221B1BE3C100E3D08A /* Debug */ = {
			isa = XCBuildConfiguration;
			baseConfigurationReference = D67E889135E4FF3A4CD94EBC /* Pods.debug.xcconfig */;
			buildSettings = {
				ASSETCATALOG_COMPILER_APPICON_NAME = AppIcon;
				CLANG_ENABLE_MODULES = YES;
				INFOPLIST_FILE = QMMystery/Info.plist;
				IPHONEOS_DEPLOYMENT_TARGET = 7.0;
				LD_RUNPATH_SEARCH_PATHS = "$(inherited) @executable_path/Frameworks";
				PRODUCT_NAME = "$(TARGET_NAME)";
				SWIFT_OBJC_BRIDGING_HEADER = "QMMystery/QMMystery-Bridging-Header.h";
				SWIFT_OPTIMIZATION_LEVEL = "-Onone";
			};
			name = Debug;
		};
		FFAD4E231B1BE3C100E3D08A /* Release */ = {
			isa = XCBuildConfiguration;
			baseConfigurationReference = 6BD40305C205C074806B0E6C /* Pods.release.xcconfig */;
			buildSettings = {
				ASSETCATALOG_COMPILER_APPICON_NAME = AppIcon;
				CLANG_ENABLE_MODULES = YES;
				INFOPLIST_FILE = QMMystery/Info.plist;
				IPHONEOS_DEPLOYMENT_TARGET = 7.0;
				LD_RUNPATH_SEARCH_PATHS = "$(inherited) @executable_path/Frameworks";
				PRODUCT_NAME = "$(TARGET_NAME)";
				SWIFT_OBJC_BRIDGING_HEADER = "QMMystery/QMMystery-Bridging-Header.h";
			};
			name = Release;
		};
		FFAD4E251B1BE3C100E3D08A /* Debug */ = {
			isa = XCBuildConfiguration;
			buildSettings = {
				BUNDLE_LOADER = "$(TEST_HOST)";
				FRAMEWORK_SEARCH_PATHS = (
					"$(SDKROOT)/Developer/Library/Frameworks",
					"$(inherited)",
				);
				GCC_PREPROCESSOR_DEFINITIONS = (
					"DEBUG=1",
					"$(inherited)",
				);
				INFOPLIST_FILE = QMMysteryTests/Info.plist;
				LD_RUNPATH_SEARCH_PATHS = "$(inherited) @executable_path/Frameworks @loader_path/Frameworks";
				PRODUCT_NAME = "$(TARGET_NAME)";
				TEST_HOST = "$(BUILT_PRODUCTS_DIR)/QMMystery.app/QMMystery";
			};
			name = Debug;
		};
		FFAD4E261B1BE3C100E3D08A /* Release */ = {
			isa = XCBuildConfiguration;
			buildSettings = {
				BUNDLE_LOADER = "$(TEST_HOST)";
				FRAMEWORK_SEARCH_PATHS = (
					"$(SDKROOT)/Developer/Library/Frameworks",
					"$(inherited)",
				);
				INFOPLIST_FILE = QMMysteryTests/Info.plist;
				LD_RUNPATH_SEARCH_PATHS = "$(inherited) @executable_path/Frameworks @loader_path/Frameworks";
				PRODUCT_NAME = "$(TARGET_NAME)";
				TEST_HOST = "$(BUILT_PRODUCTS_DIR)/QMMystery.app/QMMystery";
			};
			name = Release;
		};
/* End XCBuildConfiguration section */

/* Begin XCConfigurationList section */
		FFAD4DFD1B1BE3C100E3D08A /* Build configuration list for PBXProject "QMMystery" */ = {
			isa = XCConfigurationList;
			buildConfigurations = (
				FFAD4E1F1B1BE3C100E3D08A /* Debug */,
				FFAD4E201B1BE3C100E3D08A /* Release */,
			);
			defaultConfigurationIsVisible = 0;
			defaultConfigurationName = Release;
		};
		FFAD4E211B1BE3C100E3D08A /* Build configuration list for PBXNativeTarget "QMMystery" */ = {
			isa = XCConfigurationList;
			buildConfigurations = (
				FFAD4E221B1BE3C100E3D08A /* Debug */,
				FFAD4E231B1BE3C100E3D08A /* Release */,
			);
			defaultConfigurationIsVisible = 0;
			defaultConfigurationName = Release;
		};
		FFAD4E241B1BE3C100E3D08A /* Build configuration list for PBXNativeTarget "QMMysteryTests" */ = {
			isa = XCConfigurationList;
			buildConfigurations = (
				FFAD4E251B1BE3C100E3D08A /* Debug */,
				FFAD4E261B1BE3C100E3D08A /* Release */,
			);
			defaultConfigurationIsVisible = 0;
			defaultConfigurationName = Release;
		};
/* End XCConfigurationList section */
	};
	rootObject = FFAD4DFA1B1BE3C100E3D08A /* Project object */;
}
